
Microsoft Visual Studio Solution File, Format Version 12.00
# Visual Studio Version 16
VisualStudioVersion = 16.0.28516.95
MinimumVisualStudioVersion = 15.0.26124.0
Project("{9A19103F-16F7-4668-BE54-9A1E7A4F7556}") = "Common", "Common\Common.csproj", "{A613D900-63ED-4060-BE1D-3AFA71D473B9}"
EndProject
Project("{9A19103F-16F7-4668-BE54-9A1E7A4F7556}") = "Core", "Core\Core.csproj", "{AD65B939-7772-45C8-91FF-3DC22E0841A0}"
EndProject
Project("{2150E333-8FDC-42A3-9474-1A3956D46DE8}") = "Solution Items", "Solution Items", "{5BBB92A7-45D3-4DA9-970F-5E06599A61F9}"
	ProjectSection(SolutionItems) = preProject
		.editorconfig = .editorconfig
		.gitignore = .gitignore
		BonusBot.targets = BonusBot.targets
		nuget.config = nuget.config
		README.md = README.md
	EndProjectSection
EndProject
Project("{9A19103F-16F7-4668-BE54-9A1E7A4F7556}") = "AudioAssembly", "Modules\AudioAssembly\AudioAssembly.csproj", "{94A1D783-8D81-4EEE-829D-932E9FE6FC7E}"
EndProject
Project("{9A19103F-16F7-4668-BE54-9A1E7A4F7556}") = "Victoria", "Victoria\Victoria.csproj", "{A462668B-D4DD-46E0-862A-7FC47CD49EB6}"
EndProject
Project("{9A19103F-16F7-4668-BE54-9A1E7A4F7556}") = "TagAssembly", "Modules\TagAssembly\TagAssembly.csproj", "{8DD3C20D-2A42-4679-8E77-99E2ECA9FE1C}"
EndProject
Project("{9A19103F-16F7-4668-BE54-9A1E7A4F7556}") = "BotGuildSettingsAssembly", "Modules\BotGuildSettingsAssembly\BotGuildSettingsAssembly.csproj", "{0DFB48C5-F1D2-4A81-9502-CD7802C1D588}"
EndProject
Project("{9A19103F-16F7-4668-BE54-9A1E7A4F7556}") = "RolesAssembly", "Modules\RolesAssembly\RolesAssembly.csproj", "{C5A8DD40-8361-4867-A16E-6D38774CA652}"
EndProject
Project("{2150E333-8FDC-42A3-9474-1A3956D46DE8}") = "Modules", "Modules", "{659615E0-EFC0-42CA-8F7E-AA2B02F54729}"
EndProject
Project("{9A19103F-16F7-4668-BE54-9A1E7A4F7556}") = "WebHook", "WebHook\WebHook.csproj", "{DAAE98B4-EA38-4E1F-B297-03BF6734BE69}"
EndProject
Project("{9A19103F-16F7-4668-BE54-9A1E7A4F7556}") = "AdminAssembly", "Modules\AdminAssembly\AdminAssembly.csproj", "{95363EE7-26CC-47B6-9668-90696D27EDD9}"
EndProject
Project("{9A19103F-16F7-4668-BE54-9A1E7A4F7556}") = "UtilityAssembly", "Modules\UtilityAssembly\UtilityAssembly.csproj", "{3BE16DBC-C9FB-457B-84BE-5CEBF6ED18E2}"
EndProject
Global
	GlobalSection(SolutionConfigurationPlatforms) = preSolution
		Debug|Any CPU = Debug|Any CPU
		Debug|x64 = Debug|x64
		Debug|x86 = Debug|x86
		Release|Any CPU = Release|Any CPU
		Release|x64 = Release|x64
		Release|x86 = Release|x86
	EndGlobalSection
	GlobalSection(ProjectConfigurationPlatforms) = postSolution
		{A613D900-63ED-4060-BE1D-3AFA71D473B9}.Debug|Any CPU.ActiveCfg = Debug|Any CPU
		{A613D900-63ED-4060-BE1D-3AFA71D473B9}.Debug|Any CPU.Build.0 = Debug|Any CPU
		{A613D900-63ED-4060-BE1D-3AFA71D473B9}.Debug|x64.ActiveCfg = Debug|Any CPU
		{A613D900-63ED-4060-BE1D-3AFA71D473B9}.Debug|x64.Build.0 = Debug|Any CPU
		{A613D900-63ED-4060-BE1D-3AFA71D473B9}.Debug|x86.ActiveCfg = Debug|Any CPU
		{A613D900-63ED-4060-BE1D-3AFA71D473B9}.Debug|x86.Build.0 = Debug|Any CPU
		{A613D900-63ED-4060-BE1D-3AFA71D473B9}.Release|Any CPU.ActiveCfg = Release|Any CPU
		{A613D900-63ED-4060-BE1D-3AFA71D473B9}.Release|Any CPU.Build.0 = Release|Any CPU
		{A613D900-63ED-4060-BE1D-3AFA71D473B9}.Release|x64.ActiveCfg = Release|Any CPU
		{A613D900-63ED-4060-BE1D-3AFA71D473B9}.Release|x64.Build.0 = Release|Any CPU
		{A613D900-63ED-4060-BE1D-3AFA71D473B9}.Release|x86.ActiveCfg = Release|Any CPU
		{A613D900-63ED-4060-BE1D-3AFA71D473B9}.Release|x86.Build.0 = Release|Any CPU
		{AD65B939-7772-45C8-91FF-3DC22E0841A0}.Debug|Any CPU.ActiveCfg = Debug|Any CPU
		{AD65B939-7772-45C8-91FF-3DC22E0841A0}.Debug|Any CPU.Build.0 = Debug|Any CPU
		{AD65B939-7772-45C8-91FF-3DC22E0841A0}.Debug|x64.ActiveCfg = Debug|Any CPU
		{AD65B939-7772-45C8-91FF-3DC22E0841A0}.Debug|x64.Build.0 = Debug|Any CPU
		{AD65B939-7772-45C8-91FF-3DC22E0841A0}.Debug|x86.ActiveCfg = Debug|Any CPU
		{AD65B939-7772-45C8-91FF-3DC22E0841A0}.Debug|x86.Build.0 = Debug|Any CPU
		{AD65B939-7772-45C8-91FF-3DC22E0841A0}.Release|Any CPU.ActiveCfg = Release|Any CPU
		{AD65B939-7772-45C8-91FF-3DC22E0841A0}.Release|Any CPU.Build.0 = Release|Any CPU
		{AD65B939-7772-45C8-91FF-3DC22E0841A0}.Release|x64.ActiveCfg = Release|Any CPU
		{AD65B939-7772-45C8-91FF-3DC22E0841A0}.Release|x64.Build.0 = Release|Any CPU
		{AD65B939-7772-45C8-91FF-3DC22E0841A0}.Release|x86.ActiveCfg = Release|Any CPU
		{AD65B939-7772-45C8-91FF-3DC22E0841A0}.Release|x86.Build.0 = Release|Any CPU
		{94A1D783-8D81-4EEE-829D-932E9FE6FC7E}.Debug|Any CPU.ActiveCfg = Debug|Any CPU
		{94A1D783-8D81-4EEE-829D-932E9FE6FC7E}.Debug|Any CPU.Build.0 = Debug|Any CPU
		{94A1D783-8D81-4EEE-829D-932E9FE6FC7E}.Debug|x64.ActiveCfg = Debug|Any CPU
		{94A1D783-8D81-4EEE-829D-932E9FE6FC7E}.Debug|x64.Build.0 = Debug|Any CPU
		{94A1D783-8D81-4EEE-829D-932E9FE6FC7E}.Debug|x86.ActiveCfg = Debug|Any CPU
		{94A1D783-8D81-4EEE-829D-932E9FE6FC7E}.Debug|x86.Build.0 = Debug|Any CPU
		{94A1D783-8D81-4EEE-829D-932E9FE6FC7E}.Release|Any CPU.ActiveCfg = Release|Any CPU
		{94A1D783-8D81-4EEE-829D-932E9FE6FC7E}.Release|Any CPU.Build.0 = Release|Any CPU
		{94A1D783-8D81-4EEE-829D-932E9FE6FC7E}.Release|x64.ActiveCfg = Release|Any CPU
		{94A1D783-8D81-4EEE-829D-932E9FE6FC7E}.Release|x64.Build.0 = Release|Any CPU
		{94A1D783-8D81-4EEE-829D-932E9FE6FC7E}.Release|x86.ActiveCfg = Release|Any CPU
		{94A1D783-8D81-4EEE-829D-932E9FE6FC7E}.Release|x86.Build.0 = Release|Any CPU
		{A462668B-D4DD-46E0-862A-7FC47CD49EB6}.Debug|Any CPU.ActiveCfg = Debug|Any CPU
		{A462668B-D4DD-46E0-862A-7FC47CD49EB6}.Debug|Any CPU.Build.0 = Debug|Any CPU
		{A462668B-D4DD-46E0-862A-7FC47CD49EB6}.Debug|x64.ActiveCfg = Debug|Any CPU
		{A462668B-D4DD-46E0-862A-7FC47CD49EB6}.Debug|x64.Build.0 = Debug|Any CPU
		{A462668B-D4DD-46E0-862A-7FC47CD49EB6}.Debug|x86.ActiveCfg = Debug|Any CPU
		{A462668B-D4DD-46E0-862A-7FC47CD49EB6}.Debug|x86.Build.0 = Debug|Any CPU
		{A462668B-D4DD-46E0-862A-7FC47CD49EB6}.Release|Any CPU.ActiveCfg = Release|Any CPU
		{A462668B-D4DD-46E0-862A-7FC47CD49EB6}.Release|Any CPU.Build.0 = Release|Any CPU
		{A462668B-D4DD-46E0-862A-7FC47CD49EB6}.Release|x64.ActiveCfg = Release|Any CPU
		{A462668B-D4DD-46E0-862A-7FC47CD49EB6}.Release|x64.Build.0 = Release|Any CPU
		{A462668B-D4DD-46E0-862A-7FC47CD49EB6}.Release|x86.ActiveCfg = Release|Any CPU
		{A462668B-D4DD-46E0-862A-7FC47CD49EB6}.Release|x86.Build.0 = Release|Any CPU
		{8DD3C20D-2A42-4679-8E77-99E2ECA9FE1C}.Debug|Any CPU.ActiveCfg = Debug|Any CPU
		{8DD3C20D-2A42-4679-8E77-99E2ECA9FE1C}.Debug|Any CPU.Build.0 = Debug|Any CPU
		{8DD3C20D-2A42-4679-8E77-99E2ECA9FE1C}.Debug|x64.ActiveCfg = Debug|Any CPU
		{8DD3C20D-2A42-4679-8E77-99E2ECA9FE1C}.Debug|x64.Build.0 = Debug|Any CPU
		{8DD3C20D-2A42-4679-8E77-99E2ECA9FE1C}.Debug|x86.ActiveCfg = Debug|Any CPU
		{8DD3C20D-2A42-4679-8E77-99E2ECA9FE1C}.Debug|x86.Build.0 = Debug|Any CPU
		{8DD3C20D-2A42-4679-8E77-99E2ECA9FE1C}.Release|Any CPU.ActiveCfg = Release|Any CPU
		{8DD3C20D-2A42-4679-8E77-99E2ECA9FE1C}.Release|Any CPU.Build.0 = Release|Any CPU
		{8DD3C20D-2A42-4679-8E77-99E2ECA9FE1C}.Release|x64.ActiveCfg = Release|Any CPU
		{8DD3C20D-2A42-4679-8E77-99E2ECA9FE1C}.Release|x64.Build.0 = Release|Any CPU
		{8DD3C20D-2A42-4679-8E77-99E2ECA9FE1C}.Release|x86.ActiveCfg = Release|Any CPU
		{8DD3C20D-2A42-4679-8E77-99E2ECA9FE1C}.Release|x86.Build.0 = Release|Any CPU
		{0DFB48C5-F1D2-4A81-9502-CD7802C1D588}.Debug|Any CPU.ActiveCfg = Debug|Any CPU
		{0DFB48C5-F1D2-4A81-9502-CD7802C1D588}.Debug|Any CPU.Build.0 = Debug|Any CPU
		{0DFB48C5-F1D2-4A81-9502-CD7802C1D588}.Debug|x64.ActiveCfg = Debug|Any CPU
		{0DFB48C5-F1D2-4A81-9502-CD7802C1D588}.Debug|x64.Build.0 = Debug|Any CPU
		{0DFB48C5-F1D2-4A81-9502-CD7802C1D588}.Debug|x86.ActiveCfg = Debug|Any CPU
		{0DFB48C5-F1D2-4A81-9502-CD7802C1D588}.Debug|x86.Build.0 = Debug|Any CPU
		{0DFB48C5-F1D2-4A81-9502-CD7802C1D588}.Release|Any CPU.ActiveCfg = Release|Any CPU
		{0DFB48C5-F1D2-4A81-9502-CD7802C1D588}.Release|Any CPU.Build.0 = Release|Any CPU
		{0DFB48C5-F1D2-4A81-9502-CD7802C1D588}.Release|x64.ActiveCfg = Release|Any CPU
		{0DFB48C5-F1D2-4A81-9502-CD7802C1D588}.Release|x64.Build.0 = Release|Any CPU
		{0DFB48C5-F1D2-4A81-9502-CD7802C1D588}.Release|x86.ActiveCfg = Release|Any CPU
		{0DFB48C5-F1D2-4A81-9502-CD7802C1D588}.Release|x86.Build.0 = Release|Any CPU
		{C5A8DD40-8361-4867-A16E-6D38774CA652}.Debug|Any CPU.ActiveCfg = Debug|Any CPU
		{C5A8DD40-8361-4867-A16E-6D38774CA652}.Debug|Any CPU.Build.0 = Debug|Any CPU
		{C5A8DD40-8361-4867-A16E-6D38774CA652}.Debug|x64.ActiveCfg = Debug|Any CPU
		{C5A8DD40-8361-4867-A16E-6D38774CA652}.Debug|x64.Build.0 = Debug|Any CPU
		{C5A8DD40-8361-4867-A16E-6D38774CA652}.Debug|x86.ActiveCfg = Debug|Any CPU
		{C5A8DD40-8361-4867-A16E-6D38774CA652}.Debug|x86.Build.0 = Debug|Any CPU
		{C5A8DD40-8361-4867-A16E-6D38774CA652}.Release|Any CPU.ActiveCfg = Release|Any CPU
		{C5A8DD40-8361-4867-A16E-6D38774CA652}.Release|Any CPU.Build.0 = Release|Any CPU
		{C5A8DD40-8361-4867-A16E-6D38774CA652}.Release|x64.ActiveCfg = Release|Any CPU
		{C5A8DD40-8361-4867-A16E-6D38774CA652}.Release|x64.Build.0 = Release|Any CPU
		{C5A8DD40-8361-4867-A16E-6D38774CA652}.Release|x86.ActiveCfg = Release|Any CPU
		{C5A8DD40-8361-4867-A16E-6D38774CA652}.Release|x86.Build.0 = Release|Any CPU
		{DAAE98B4-EA38-4E1F-B297-03BF6734BE69}.Debug|Any CPU.ActiveCfg = Debug|Any CPU
		{DAAE98B4-EA38-4E1F-B297-03BF6734BE69}.Debug|Any CPU.Build.0 = Debug|Any CPU
		{DAAE98B4-EA38-4E1F-B297-03BF6734BE69}.Debug|x64.ActiveCfg = Debug|Any CPU
		{DAAE98B4-EA38-4E1F-B297-03BF6734BE69}.Debug|x64.Build.0 = Debug|Any CPU
		{DAAE98B4-EA38-4E1F-B297-03BF6734BE69}.Debug|x86.ActiveCfg = Debug|Any CPU
		{DAAE98B4-EA38-4E1F-B297-03BF6734BE69}.Debug|x86.Build.0 = Debug|Any CPU
		{DAAE98B4-EA38-4E1F-B297-03BF6734BE69}.Release|Any CPU.ActiveCfg = Release|Any CPU
		{DAAE98B4-EA38-4E1F-B297-03BF6734BE69}.Release|Any CPU.Build.0 = Release|Any CPU
		{DAAE98B4-EA38-4E1F-B297-03BF6734BE69}.Release|x64.ActiveCfg = Release|Any CPU
		{DAAE98B4-EA38-4E1F-B297-03BF6734BE69}.Release|x64.Build.0 = Release|Any CPU
		{DAAE98B4-EA38-4E1F-B297-03BF6734BE69}.Release|x86.ActiveCfg = Release|Any CPU
		{DAAE98B4-EA38-4E1F-B297-03BF6734BE69}.Release|x86.Build.0 = Release|Any CPU
		{95363EE7-26CC-47B6-9668-90696D27EDD9}.Debug|Any CPU.ActiveCfg = Debug|Any CPU
		{95363EE7-26CC-47B6-9668-90696D27EDD9}.Debug|Any CPU.Build.0 = Debug|Any CPU
		{95363EE7-26CC-47B6-9668-90696D27EDD9}.Debug|x64.ActiveCfg = Debug|Any CPU
		{95363EE7-26CC-47B6-9668-90696D27EDD9}.Debug|x64.Build.0 = Debug|Any CPU
		{95363EE7-26CC-47B6-9668-90696D27EDD9}.Debug|x86.ActiveCfg = Debug|Any CPU
		{95363EE7-26CC-47B6-9668-90696D27EDD9}.Debug|x86.Build.0 = Debug|Any CPU
		{95363EE7-26CC-47B6-9668-90696D27EDD9}.Release|Any CPU.ActiveCfg = Release|Any CPU
		{95363EE7-26CC-47B6-9668-90696D27EDD9}.Release|Any CPU.Build.0 = Release|Any CPU
		{95363EE7-26CC-47B6-9668-90696D27EDD9}.Release|x64.ActiveCfg = Release|Any CPU
		{95363EE7-26CC-47B6-9668-90696D27EDD9}.Release|x64.Build.0 = Release|Any CPU
		{95363EE7-26CC-47B6-9668-90696D27EDD9}.Release|x86.ActiveCfg = Release|Any CPU
		{95363EE7-26CC-47B6-9668-90696D27EDD9}.Release|x86.Build.0 = Release|Any CPU
		{3BE16DBC-C9FB-457B-84BE-5CEBF6ED18E2}.Debug|Any CPU.ActiveCfg = Debug|Any CPU
		{3BE16DBC-C9FB-457B-84BE-5CEBF6ED18E2}.Debug|Any CPU.Build.0 = Debug|Any CPU
		{3BE16DBC-C9FB-457B-84BE-5CEBF6ED18E2}.Debug|x64.ActiveCfg = Debug|Any CPU
		{3BE16DBC-C9FB-457B-84BE-5CEBF6ED18E2}.Debug|x64.Build.0 = Debug|Any CPU
		{3BE16DBC-C9FB-457B-84BE-5CEBF6ED18E2}.Debug|x86.ActiveCfg = Debug|Any CPU
		{3BE16DBC-C9FB-457B-84BE-5CEBF6ED18E2}.Debug|x86.Build.0 = Debug|Any CPU
		{3BE16DBC-C9FB-457B-84BE-5CEBF6ED18E2}.Release|Any CPU.ActiveCfg = Release|Any CPU
		{3BE16DBC-C9FB-457B-84BE-5CEBF6ED18E2}.Release|Any CPU.Build.0 = Release|Any CPU
		{3BE16DBC-C9FB-457B-84BE-5CEBF6ED18E2}.Release|x64.ActiveCfg = Release|Any CPU
		{3BE16DBC-C9FB-457B-84BE-5CEBF6ED18E2}.Release|x64.Build.0 = Release|Any CPU
		{3BE16DBC-C9FB-457B-84BE-5CEBF6ED18E2}.Release|x86.ActiveCfg = Release|Any CPU
		{3BE16DBC-C9FB-457B-84BE-5CEBF6ED18E2}.Release|x86.Build.0 = Release|Any CPU
	EndGlobalSection
	GlobalSection(SolutionProperties) = preSolution
		HideSolutionNode = FALSE
	EndGlobalSection
	GlobalSection(NestedProjects) = preSolution
		{94A1D783-8D81-4EEE-829D-932E9FE6FC7E} = {659615E0-EFC0-42CA-8F7E-AA2B02F54729}
		{8DD3C20D-2A42-4679-8E77-99E2ECA9FE1C} = {659615E0-EFC0-42CA-8F7E-AA2B02F54729}
		{0DFB48C5-F1D2-4A81-9502-CD7802C1D588} = {659615E0-EFC0-42CA-8F7E-AA2B02F54729}
		{C5A8DD40-8361-4867-A16E-6D38774CA652} = {659615E0-EFC0-42CA-8F7E-AA2B02F54729}
		{95363EE7-26CC-47B6-9668-90696D27EDD9} = {659615E0-EFC0-42CA-8F7E-AA2B02F54729}
		{3BE16DBC-C9FB-457B-84BE-5CEBF6ED18E2} = {659615E0-EFC0-42CA-8F7E-AA2B02F54729}
	EndGlobalSection
	GlobalSection(ExtensibilityGlobals) = postSolution
		SolutionGuid = {F875C351-0F97-45BA-8108-B6500606A460}
	EndGlobalSection
EndGlobal
